// !$*UTF8*$!
{
	archiveVersion = 1;
	classes = {
	};
	objectVersion = 46;
	objects = {

/* Begin PBXBuildFile section */
		EB061947190B82480060D720 /* breath_a_trim.aiff in Resources */ = {isa = PBXBuildFile; fileRef = EB061946190B82480060D720 /* breath_a_trim.aiff */; };
		EB061949190B82500060D720 /* breath_b_trim.aiff in Resources */ = {isa = PBXBuildFile; fileRef = EB061948190B82500060D720 /* breath_b_trim.aiff */; };
		EBA1007C18E675B4007596F4 /* granular_strings.aiff in Resources */ = {isa = PBXBuildFile; fileRef = EBA1007B18E675B4007596F4 /* granular_strings.aiff */; };
		EBBB7B8618DA048D00A69BA8 /* Foundation.framework in Frameworks */ = {isa = PBXBuildFile; fileRef = EBBB7B8518DA048D00A69BA8 /* Foundation.framework */; };
		EBBB7B8818DA048D00A69BA8 /* CoreGraphics.framework in Frameworks */ = {isa = PBXBuildFile; fileRef = EBBB7B8718DA048D00A69BA8 /* CoreGraphics.framework */; };
		EBBB7B8A18DA048D00A69BA8 /* UIKit.framework in Frameworks */ = {isa = PBXBuildFile; fileRef = EBBB7B8918DA048D00A69BA8 /* UIKit.framework */; };
		EBBB7B9018DA048D00A69BA8 /* InfoPlist.strings in Resources */ = {isa = PBXBuildFile; fileRef = EBBB7B8E18DA048D00A69BA8 /* InfoPlist.strings */; };
		EBBB7B9218DA048D00A69BA8 /* main.m in Sources */ = {isa = PBXBuildFile; fileRef = EBBB7B9118DA048D00A69BA8 /* main.m */; };
		EBBB7B9618DA048D00A69BA8 /* NNAppDelegate.m in Sources */ = {isa = PBXBuildFile; fileRef = EBBB7B9518DA048D00A69BA8 /* NNAppDelegate.m */; };
		EBBB7B9918DA048D00A69BA8 /* Main_iPhone.storyboard in Resources */ = {isa = PBXBuildFile; fileRef = EBBB7B9718DA048D00A69BA8 /* Main_iPhone.storyboard */; };
		EBBB7B9C18DA048D00A69BA8 /* Main_iPad.storyboard in Resources */ = {isa = PBXBuildFile; fileRef = EBBB7B9A18DA048D00A69BA8 /* Main_iPad.storyboard */; };
		EBBB7B9F18DA048D00A69BA8 /* NNViewController.m in Sources */ = {isa = PBXBuildFile; fileRef = EBBB7B9E18DA048D00A69BA8 /* NNViewController.m */; };
		EBBB7BA118DA048D00A69BA8 /* Images.xcassets in Resources */ = {isa = PBXBuildFile; fileRef = EBBB7BA018DA048D00A69BA8 /* Images.xcassets */; };
		EBBB7BA818DA048D00A69BA8 /* XCTest.framework in Frameworks */ = {isa = PBXBuildFile; fileRef = EBBB7BA718DA048D00A69BA8 /* XCTest.framework */; };
		EBBB7BA918DA048D00A69BA8 /* Foundation.framework in Frameworks */ = {isa = PBXBuildFile; fileRef = EBBB7B8518DA048D00A69BA8 /* Foundation.framework */; };
		EBBB7BAA18DA048D00A69BA8 /* UIKit.framework in Frameworks */ = {isa = PBXBuildFile; fileRef = EBBB7B8918DA048D00A69BA8 /* UIKit.framework */; };
		EBBB7BB218DA048D00A69BA8 /* InfoPlist.strings in Resources */ = {isa = PBXBuildFile; fileRef = EBBB7BB018DA048D00A69BA8 /* InfoPlist.strings */; };
		EBBB7BB418DA048D00A69BA8 /* SeniorProjectAppTests.m in Sources */ = {isa = PBXBuildFile; fileRef = EBBB7BB318DA048D00A69BA8 /* SeniorProjectAppTests.m */; };
		EBBB7BBF18DA04A700A69BA8 /* AudioToolbox.framework in Frameworks */ = {isa = PBXBuildFile; fileRef = EBBB7BBD18DA04A700A69BA8 /* AudioToolbox.framework */; };
		EBBB7BC318DA069000A69BA8 /* CoreAudio.framework in Frameworks */ = {isa = PBXBuildFile; fileRef = EBBB7BC218DA069000A69BA8 /* CoreAudio.framework */; };
		EBC4170818DE047700C199F7 /* NNPlayer.m in Sources */ = {isa = PBXBuildFile; fileRef = EBC4170718DE047700C199F7 /* NNPlayer.m */; };
		EBC4170B18DF971600C199F7 /* synth_strings.aiff in Resources */ = {isa = PBXBuildFile; fileRef = EBC4170A18DF971600C199F7 /* synth_strings.aiff */; };
		EBD4D6441904876700D0DFAE /* breath_e.aiff in Resources */ = {isa = PBXBuildFile; fileRef = EBD4D6431904876700D0DFAE /* breath_e.aiff */; };
		EBD4D6461904896000D0DFAE /* breath_e_trimed.aiff in Resources */ = {isa = PBXBuildFile; fileRef = EBD4D6451904896000D0DFAE /* breath_e_trimed.aiff */; };
/* End PBXBuildFile section */

/* Begin PBXContainerItemProxy section */
		EBBB7BAB18DA048D00A69BA8 /* PBXContainerItemProxy */ = {
			isa = PBXContainerItemProxy;
			containerPortal = EBBB7B7A18DA048D00A69BA8 /* Project object */;
			proxyType = 1;
			remoteGlobalIDString = EBBB7B8118DA048D00A69BA8;
			remoteInfo = SeniorProjectApp;
		};
/* End PBXContainerItemProxy section */

/* Begin PBXFileReference section */
		EB061946190B82480060D720 /* breath_a_trim.aiff */ = {isa = PBXFileReference; lastKnownFileType = audio.aiff; path = breath_a_trim.aiff; sourceTree = "<group>"; };
		EB061948190B82500060D720 /* breath_b_trim.aiff */ = {isa = PBXFileReference; lastKnownFileType = audio.aiff; path = breath_b_trim.aiff; sourceTree = "<group>"; };
		EBA1007B18E675B4007596F4 /* granular_strings.aiff */ = {isa = PBXFileReference; lastKnownFileType = audio.aiff; path = granular_strings.aiff; sourceTree = "<group>"; };
		EBBB7B8218DA048D00A69BA8 /* SeniorProjectApp.app */ = {isa = PBXFileReference; explicitFileType = wrapper.application; includeInIndex = 0; path = SeniorProjectApp.app; sourceTree = BUILT_PRODUCTS_DIR; };
		EBBB7B8518DA048D00A69BA8 /* Foundation.framework */ = {isa = PBXFileReference; lastKnownFileType = wrapper.framework; name = Foundation.framework; path = System/Library/Frameworks/Foundation.framework; sourceTree = SDKROOT; };
		EBBB7B8718DA048D00A69BA8 /* CoreGraphics.framework */ = {isa = PBXFileReference; lastKnownFileType = wrapper.framework; name = CoreGraphics.framework; path = System/Library/Frameworks/CoreGraphics.framework; sourceTree = SDKROOT; };
		EBBB7B8918DA048D00A69BA8 /* UIKit.framework */ = {isa = PBXFileReference; lastKnownFileType = wrapper.framework; name = UIKit.framework; path = System/Library/Frameworks/UIKit.framework; sourceTree = SDKROOT; };
		EBBB7B8D18DA048D00A69BA8 /* SeniorProjectApp-Info.plist */ = {isa = PBXFileReference; lastKnownFileType = text.plist.xml; path = "SeniorProjectApp-Info.plist"; sourceTree = "<group>"; };
		EBBB7B8F18DA048D00A69BA8 /* en */ = {isa = PBXFileReference; lastKnownFileType = text.plist.strings; name = en; path = en.lproj/InfoPlist.strings; sourceTree = "<group>"; };
		EBBB7B9118DA048D00A69BA8 /* main.m */ = {isa = PBXFileReference; lastKnownFileType = sourcecode.c.objc; path = main.m; sourceTree = "<group>"; };
		EBBB7B9318DA048D00A69BA8 /* SeniorProjectApp-Prefix.pch */ = {isa = PBXFileReference; lastKnownFileType = sourcecode.c.h; path = "SeniorProjectApp-Prefix.pch"; sourceTree = "<group>"; };
		EBBB7B9418DA048D00A69BA8 /* NNAppDelegate.h */ = {isa = PBXFileReference; lastKnownFileType = sourcecode.c.h; path = NNAppDelegate.h; sourceTree = "<group>"; };
		EBBB7B9518DA048D00A69BA8 /* NNAppDelegate.m */ = {isa = PBXFileReference; lastKnownFileType = sourcecode.c.objc; path = NNAppDelegate.m; sourceTree = "<group>"; };
		EBBB7B9818DA048D00A69BA8 /* Base */ = {isa = PBXFileReference; lastKnownFileType = file.storyboard; name = Base; path = Base.lproj/Main_iPhone.storyboard; sourceTree = "<group>"; };
		EBBB7B9B18DA048D00A69BA8 /* Base */ = {isa = PBXFileReference; lastKnownFileType = file.storyboard; name = Base; path = Base.lproj/Main_iPad.storyboard; sourceTree = "<group>"; };
		EBBB7B9D18DA048D00A69BA8 /* NNViewController.h */ = {isa = PBXFileReference; lastKnownFileType = sourcecode.c.h; path = NNViewController.h; sourceTree = "<group>"; };
		EBBB7B9E18DA048D00A69BA8 /* NNViewController.m */ = {isa = PBXFileReference; lastKnownFileType = sourcecode.c.objc; path = NNViewController.m; sourceTree = "<group>"; };
		EBBB7BA018DA048D00A69BA8 /* Images.xcassets */ = {isa = PBXFileReference; lastKnownFileType = folder.assetcatalog; path = Images.xcassets; sourceTree = "<group>"; };
		EBBB7BA618DA048D00A69BA8 /* SeniorProjectAppTests.xctest */ = {isa = PBXFileReference; explicitFileType = wrapper.cfbundle; includeInIndex = 0; path = SeniorProjectAppTests.xctest; sourceTree = BUILT_PRODUCTS_DIR; };
		EBBB7BA718DA048D00A69BA8 /* XCTest.framework */ = {isa = PBXFileReference; lastKnownFileType = wrapper.framework; name = XCTest.framework; path = Library/Frameworks/XCTest.framework; sourceTree = DEVELOPER_DIR; };
		EBBB7BAF18DA048D00A69BA8 /* SeniorProjectAppTests-Info.plist */ = {isa = PBXFileReference; lastKnownFileType = text.plist.xml; path = "SeniorProjectAppTests-Info.plist"; sourceTree = "<group>"; };
		EBBB7BB118DA048D00A69BA8 /* en */ = {isa = PBXFileReference; lastKnownFileType = text.plist.strings; name = en; path = en.lproj/InfoPlist.strings; sourceTree = "<group>"; };
		EBBB7BB318DA048D00A69BA8 /* SeniorProjectAppTests.m */ = {isa = PBXFileReference; lastKnownFileType = sourcecode.c.objc; path = SeniorProjectAppTests.m; sourceTree = "<group>"; };
		EBBB7BBD18DA04A700A69BA8 /* AudioToolbox.framework */ = {isa = PBXFileReference; lastKnownFileType = wrapper.framework; name = AudioToolbox.framework; path = System/Library/Frameworks/AudioToolbox.framework; sourceTree = SDKROOT; };
		EBBB7BBE18DA04A700A69BA8 /* AudioUnit.framework */ = {isa = PBXFileReference; lastKnownFileType = wrapper.framework; name = AudioUnit.framework; path = System/Library/Frameworks/AudioUnit.framework; sourceTree = SDKROOT; };
		EBBB7BC218DA069000A69BA8 /* CoreAudio.framework */ = {isa = PBXFileReference; lastKnownFileType = wrapper.framework; name = CoreAudio.framework; path = System/Library/Frameworks/CoreAudio.framework; sourceTree = SDKROOT; };
		EBC4170618DE047700C199F7 /* NNPlayer.h */ = {isa = PBXFileReference; fileEncoding = 4; lastKnownFileType = sourcecode.c.h; path = NNPlayer.h; sourceTree = "<group>"; };
		EBC4170718DE047700C199F7 /* NNPlayer.m */ = {isa = PBXFileReference; fileEncoding = 4; lastKnownFileType = sourcecode.c.objc; path = NNPlayer.m; sourceTree = "<group>"; };
		EBC4170A18DF971600C199F7 /* synth_strings.aiff */ = {isa = PBXFileReference; lastKnownFileType = audio.aiff; path = synth_strings.aiff; sourceTree = "<group>"; };
		EBD4D6431904876700D0DFAE /* breath_e.aiff */ = {isa = PBXFileReference; lastKnownFileType = audio.aiff; path = breath_e.aiff; sourceTree = "<group>"; };
		EBD4D6451904896000D0DFAE /* breath_e_trimed.aiff */ = {isa = PBXFileReference; lastKnownFileType = audio.aiff; path = breath_e_trimed.aiff; sourceTree = "<group>"; };
/* End PBXFileReference section */

/* Begin PBXFrameworksBuildPhase section */
		EBBB7B7F18DA048D00A69BA8 /* Frameworks */ = {
			isa = PBXFrameworksBuildPhase;
			buildActionMask = 2147483647;
			files = (
				EBBB7BC318DA069000A69BA8 /* CoreAudio.framework in Frameworks */,
				EBBB7BBF18DA04A700A69BA8 /* AudioToolbox.framework in Frameworks */,
				EBBB7B8818DA048D00A69BA8 /* CoreGraphics.framework in Frameworks */,
				EBBB7B8A18DA048D00A69BA8 /* UIKit.framework in Frameworks */,
				EBBB7B8618DA048D00A69BA8 /* Foundation.framework in Frameworks */,
			);
			runOnlyForDeploymentPostprocessing = 0;
		};
		EBBB7BA318DA048D00A69BA8 /* Frameworks */ = {
			isa = PBXFrameworksBuildPhase;
			buildActionMask = 2147483647;
			files = (
				EBBB7BA818DA048D00A69BA8 /* XCTest.framework in Frameworks */,
				EBBB7BAA18DA048D00A69BA8 /* UIKit.framework in Frameworks */,
				EBBB7BA918DA048D00A69BA8 /* Foundation.framework in Frameworks */,
			);
			runOnlyForDeploymentPostprocessing = 0;
		};
/* End PBXFrameworksBuildPhase section */

/* Begin PBXGroup section */
		EBBB7B7918DA048D00A69BA8 = {
			isa = PBXGroup;
			children = (
				EBBB7B8B18DA048D00A69BA8 /* SeniorProjectApp */,
				EBBB7BAD18DA048D00A69BA8 /* SeniorProjectAppTests */,
				EBBB7B8418DA048D00A69BA8 /* Frameworks */,
				EBBB7B8318DA048D00A69BA8 /* Products */,
			);
			sourceTree = "<group>";
		};
		EBBB7B8318DA048D00A69BA8 /* Products */ = {
			isa = PBXGroup;
			children = (
				EBBB7B8218DA048D00A69BA8 /* SeniorProjectApp.app */,
				EBBB7BA618DA048D00A69BA8 /* SeniorProjectAppTests.xctest */,
			);
			name = Products;
			sourceTree = "<group>";
		};
		EBBB7B8418DA048D00A69BA8 /* Frameworks */ = {
			isa = PBXGroup;
			children = (
				EBBB7BC218DA069000A69BA8 /* CoreAudio.framework */,
				EBBB7BBD18DA04A700A69BA8 /* AudioToolbox.framework */,
				EBBB7BBE18DA04A700A69BA8 /* AudioUnit.framework */,
				EBBB7B8518DA048D00A69BA8 /* Foundation.framework */,
				EBBB7B8718DA048D00A69BA8 /* CoreGraphics.framework */,
				EBBB7B8918DA048D00A69BA8 /* UIKit.framework */,
				EBBB7BA718DA048D00A69BA8 /* XCTest.framework */,
			);
			name = Frameworks;
			sourceTree = "<group>";
		};
		EBBB7B8B18DA048D00A69BA8 /* SeniorProjectApp */ = {
			isa = PBXGroup;
			children = (
				EBC4170918DF96FC00C199F7 /* Resources */,
				EBBB7B9418DA048D00A69BA8 /* NNAppDelegate.h */,
				EBBB7B9518DA048D00A69BA8 /* NNAppDelegate.m */,
				EBBB7B9718DA048D00A69BA8 /* Main_iPhone.storyboard */,
				EBBB7B9A18DA048D00A69BA8 /* Main_iPad.storyboard */,
				EBBB7B9D18DA048D00A69BA8 /* NNViewController.h */,
				EBBB7B9E18DA048D00A69BA8 /* NNViewController.m */,
				EBBB7BA018DA048D00A69BA8 /* Images.xcassets */,
				EBBB7B8C18DA048D00A69BA8 /* Supporting Files */,
				EBC4170618DE047700C199F7 /* NNPlayer.h */,
				EBC4170718DE047700C199F7 /* NNPlayer.m */,
			);
			path = SeniorProjectApp;
			sourceTree = "<group>";
		};
		EBBB7B8C18DA048D00A69BA8 /* Supporting Files */ = {
			isa = PBXGroup;
			children = (
				EBBB7B8D18DA048D00A69BA8 /* SeniorProjectApp-Info.plist */,
				EBBB7B8E18DA048D00A69BA8 /* InfoPlist.strings */,
				EBBB7B9118DA048D00A69BA8 /* main.m */,
				EBBB7B9318DA048D00A69BA8 /* SeniorProjectApp-Prefix.pch */,
			);
			name = "Supporting Files";
			sourceTree = "<group>";
		};
		EBBB7BAD18DA048D00A69BA8 /* SeniorProjectAppTests */ = {
			isa = PBXGroup;
			children = (
				EBBB7BB318DA048D00A69BA8 /* SeniorProjectAppTests.m */,
				EBBB7BAE18DA048D00A69BA8 /* Supporting Files */,
			);
			path = SeniorProjectAppTests;
			sourceTree = "<group>";
		};
		EBBB7BAE18DA048D00A69BA8 /* Supporting Files */ = {
			isa = PBXGroup;
			children = (
				EBBB7BAF18DA048D00A69BA8 /* SeniorProjectAppTests-Info.plist */,
				EBBB7BB018DA048D00A69BA8 /* InfoPlist.strings */,
			);
			name = "Supporting Files";
			sourceTree = "<group>";
		};
		EBC4170918DF96FC00C199F7 /* Resources */ = {
			isa = PBXGroup;
			children = (
				EBC4170A18DF971600C199F7 /* synth_strings.aiff */,
				EB061946190B82480060D720 /* breath_a_trim.aiff */,
				EBA1007B18E675B4007596F4 /* granular_strings.aiff */,
				EBD4D6451904896000D0DFAE /* breath_e_trimed.aiff */,
				EB061948190B82500060D720 /* breath_b_trim.aiff */,
				EBD4D6431904876700D0DFAE /* breath_e.aiff */,
			);
			name = Resources;
			sourceTree = "<group>";
		};
/* End PBXGroup section */

/* Begin PBXNativeTarget section */
		EBBB7B8118DA048D00A69BA8 /* SeniorProjectApp */ = {
			isa = PBXNativeTarget;
			buildConfigurationList = EBBB7BB718DA048D00A69BA8 /* Build configuration list for PBXNativeTarget "SeniorProjectApp" */;
			buildPhases = (
				EBBB7B7E18DA048D00A69BA8 /* Sources */,
				EBBB7B7F18DA048D00A69BA8 /* Frameworks */,
				EBBB7B8018DA048D00A69BA8 /* Resources */,
			);
			buildRules = (
			);
			dependencies = (
			);
			name = SeniorProjectApp;
			productName = SeniorProjectApp;
			productReference = EBBB7B8218DA048D00A69BA8 /* SeniorProjectApp.app */;
			productType = "com.apple.product-type.application";
		};
		EBBB7BA518DA048D00A69BA8 /* SeniorProjectAppTests */ = {
			isa = PBXNativeTarget;
			buildConfigurationList = EBBB7BBA18DA048D00A69BA8 /* Build configuration list for PBXNativeTarget "SeniorProjectAppTests" */;
			buildPhases = (
				EBBB7BA218DA048D00A69BA8 /* Sources */,
				EBBB7BA318DA048D00A69BA8 /* Frameworks */,
				EBBB7BA418DA048D00A69BA8 /* Resources */,
			);
			buildRules = (
			);
			dependencies = (
				EBBB7BAC18DA048D00A69BA8 /* PBXTargetDependency */,
			);
			name = SeniorProjectAppTests;
			productName = SeniorProjectAppTests;
			productReference = EBBB7BA618DA048D00A69BA8 /* SeniorProjectAppTests.xctest */;
			productType = "com.apple.product-type.bundle.unit-test";
		};
/* End PBXNativeTarget section */

/* Begin PBXProject section */
		EBBB7B7A18DA048D00A69BA8 /* Project object */ = {
			isa = PBXProject;
			attributes = {
				CLASSPREFIX = NN;
				LastUpgradeCheck = 0510;
				ORGANIZATIONNAME = "Nate Norberg";
				TargetAttributes = {
					EBBB7B8118DA048D00A69BA8 = {
						DevelopmentTeam = 93QYHMT37F;
					};
					EBBB7BA518DA048D00A69BA8 = {
						TestTargetID = EBBB7B8118DA048D00A69BA8;
					};
				};
			};
			buildConfigurationList = EBBB7B7D18DA048D00A69BA8 /* Build configuration list for PBXProject "SeniorProjectApp" */;
			compatibilityVersion = "Xcode 3.2";
			developmentRegion = English;
			hasScannedForEncodings = 0;
			knownRegions = (
				en,
				Base,
			);
			mainGroup = EBBB7B7918DA048D00A69BA8;
			productRefGroup = EBBB7B8318DA048D00A69BA8 /* Products */;
			projectDirPath = "";
			projectRoot = "";
			targets = (
				EBBB7B8118DA048D00A69BA8 /* SeniorProjectApp */,
				EBBB7BA518DA048D00A69BA8 /* SeniorProjectAppTests */,
			);
		};
/* End PBXProject section */

/* Begin PBXResourcesBuildPhase section */
		EBBB7B8018DA048D00A69BA8 /* Resources */ = {
			isa = PBXResourcesBuildPhase;
			buildActionMask = 2147483647;
			files = (
				EB061949190B82500060D720 /* breath_b_trim.aiff in Resources */,
				EBBB7B9C18DA048D00A69BA8 /* Main_iPad.storyboard in Resources */,
				EBC4170B18DF971600C199F7 /* synth_strings.aiff in Resources */,
				EBBB7BA118DA048D00A69BA8 /* Images.xcassets in Resources */,
				EBBB7B9918DA048D00A69BA8 /* Main_iPhone.storyboard in Resources */,
				EBA1007C18E675B4007596F4 /* granular_strings.aiff in Resources */,
				EBD4D6441904876700D0DFAE /* breath_e.aiff in Resources */,
				EBD4D6461904896000D0DFAE /* breath_e_trimed.aiff in Resources */,
				EB061947190B82480060D720 /* breath_a_trim.aiff in Resources */,
				EBBB7B9018DA048D00A69BA8 /* InfoPlist.strings in Resources */,
			);
			runOnlyForDeploymentPostprocessing = 0;
		};
		EBBB7BA418DA048D00A69BA8 /* Resources */ = {
			isa = PBXResourcesBuildPhase;
			buildActionMask = 2147483647;
			files = (
				EBBB7BB218DA048D00A69BA8 /* InfoPlist.strings in Resources */,
			);
			runOnlyForDeploymentPostprocessing = 0;
		};
/* End PBXResourcesBuildPhase section */

/* Begin PBXSourcesBuildPhase section */
		EBBB7B7E18DA048D00A69BA8 /* Sources */ = {
			isa = PBXSourcesBuildPhase;
			buildActionMask = 2147483647;
			files = (
				EBBB7B9F18DA048D00A69BA8 /* NNViewController.m in Sources */,
				EBBB7B9618DA048D00A69BA8 /* NNAppDelegate.m in Sources */,
				EBC4170818DE047700C199F7 /* NNPlayer.m in Sources */,
				EBBB7B9218DA048D00A69BA8 /* main.m in Sources */,
			);
			runOnlyForDeploymentPostprocessing = 0;
		};
		EBBB7BA218DA048D00A69BA8 /* Sources */ = {
			isa = PBXSourcesBuildPhase;
			buildActionMask = 2147483647;
			files = (
				EBBB7BB418DA048D00A69BA8 /* SeniorProjectAppTests.m in Sources */,
			);
			runOnlyForDeploymentPostprocessing = 0;
		};
/* End PBXSourcesBuildPhase section */

/* Begin PBXTargetDependency section */
		EBBB7BAC18DA048D00A69BA8 /* PBXTargetDependency */ = {
			isa = PBXTargetDependency;
			target = EBBB7B8118DA048D00A69BA8 /* SeniorProjectApp */;
			targetProxy = EBBB7BAB18DA048D00A69BA8 /* PBXContainerItemProxy */;
		};
/* End PBXTargetDependency section */

/* Begin PBXVariantGroup section */
		EBBB7B8E18DA048D00A69BA8 /* InfoPlist.strings */ = {
			isa = PBXVariantGroup;
			children = (
				EBBB7B8F18DA048D00A69BA8 /* en */,
			);
			name = InfoPlist.strings;
			sourceTree = "<group>";
		};
		EBBB7B9718DA048D00A69BA8 /* Main_iPhone.storyboard */ = {
			isa = PBXVariantGroup;
			children = (
				EBBB7B9818DA048D00A69BA8 /* Base */,
			);
			name = Main_iPhone.storyboard;
			sourceTree = "<group>";
		};
		EBBB7B9A18DA048D00A69BA8 /* Main_iPad.storyboard */ = {
			isa = PBXVariantGroup;
			children = (
				EBBB7B9B18DA048D00A69BA8 /* Base */,
			);
			name = Main_iPad.storyboard;
			sourceTree = "<group>";
		};
		EBBB7BB018DA048D00A69BA8 /* InfoPlist.strings */ = {
			isa = PBXVariantGroup;
			children = (
				EBBB7BB118DA048D00A69BA8 /* en */,
			);
			name = InfoPlist.strings;
			sourceTree = "<group>";
		};
/* End PBXVariantGroup section */

/* Begin XCBuildConfiguration section */
		EBBB7BB518DA048D00A69BA8 /* Debug */ = {
			isa = XCBuildConfiguration;
			buildSettings = {
				ALWAYS_SEARCH_USER_PATHS = NO;
				CLANG_CXX_LANGUAGE_STANDARD = "gnu++0x";
				CLANG_CXX_LIBRARY = "libc++";
				CLANG_ENABLE_MODULES = YES;
				CLANG_ENABLE_OBJC_ARC = YES;
				CLANG_WARN_BOOL_CONVERSION = YES;
				CLANG_WARN_CONSTANT_CONVERSION = YES;
				CLANG_WARN_DIRECT_OBJC_ISA_USAGE = YES_ERROR;
				CLANG_WARN_EMPTY_BODY = YES;
				CLANG_WARN_ENUM_CONVERSION = YES;
				CLANG_WARN_INT_CONVERSION = YES;
				CLANG_WARN_OBJC_ROOT_CLASS = YES_ERROR;
				CLANG_WARN__DUPLICATE_METHOD_MATCH = YES;
				"CODE_SIGN_IDENTITY[sdk=iphoneos*]" = "iPhone Developer";
				COPY_PHASE_STRIP = NO;
				GCC_C_LANGUAGE_STANDARD = gnu99;
				GCC_DYNAMIC_NO_PIC = NO;
				GCC_OPTIMIZATION_LEVEL = 0;
				GCC_PREPROCESSOR_DEFINITIONS = (
					"DEBUG=1",
					"$(inherited)",
				);
				GCC_SYMBOLS_PRIVATE_EXTERN = NO;
				GCC_WARN_64_TO_32_BIT_CONVERSION = YES;
				GCC_WARN_ABOUT_RETURN_TYPE = YES_ERROR;
				GCC_WARN_UNDECLARED_SELECTOR = YES;
				GCC_WARN_UNINITIALIZED_AUTOS = YES_AGGRESSIVE;
				GCC_WARN_UNUSED_FUNCTION = YES;
				GCC_WARN_UNUSED_VARIABLE = YES;
				IPHONEOS_DEPLOYMENT_TARGET = 7.1;
				ONLY_ACTIVE_ARCH = YES;
				SDKROOT = iphoneos;
				TARGETED_DEVICE_FAMILY = "1,2";
			};
			name = Debug;
		};
		EBBB7BB618DA048D00A69BA8 /* Release */ = {
			isa = XCBuildConfiguration;
			buildSettings = {
				ALWAYS_SEARCH_USER_PATHS = NO;
				CLANG_CXX_LANGUAGE_STANDARD = "gnu++0x";
				CLANG_CXX_LIBRARY = "libc++";
				CLANG_ENABLE_MODULES = YES;
				CLANG_ENABLE_OBJC_ARC = YES;
				CLANG_WARN_BOOL_CONVERSION = YES;
				CLANG_WARN_CONSTANT_CONVERSION = YES;
				CLANG_WARN_DIRECT_OBJC_ISA_USAGE = YES_ERROR;
				CLANG_WARN_EMPTY_BODY = YES;
				CLANG_WARN_ENUM_CONVERSION = YES;
				CLANG_WARN_INT_CONVERSION = YES;
				CLANG_WARN_OBJC_ROOT_CLASS = YES_ERROR;
				CLANG_WARN__DUPLICATE_METHOD_MATCH = YES;
				"CODE_SIGN_IDENTITY[sdk=iphoneos*]" = "iPhone Developer";
				COPY_PHASE_STRIP = YES;
				ENABLE_NS_ASSERTIONS = NO;
				GCC_C_LANGUAGE_STANDARD = gnu99;
				GCC_WARN_64_TO_32_BIT_CONVERSION = YES;
				GCC_WARN_ABOUT_RETURN_TYPE = YES_ERROR;
				GCC_WARN_UNDECLARED_SELECTOR = YES;
				GCC_WARN_UNINITIALIZED_AUTOS = YES_AGGRESSIVE;
				GCC_WARN_UNUSED_FUNCTION = YES;
				GCC_WARN_UNUSED_VARIABLE = YES;
				IPHONEOS_DEPLOYMENT_TARGET = 7.1;
				SDKROOT = iphoneos;
				TARGETED_DEVICE_FAMILY = "1,2";
				VALIDATE_PRODUCT = YES;
			};
			name = Release;
		};
		EBBB7BB818DA048D00A69BA8 /* Debug */ = {
			isa = XCBuildConfiguration;
			buildSettings = {
				ASSETCATALOG_COMPILER_APPICON_NAME = AppIcon;
				ASSETCATALOG_COMPILER_LAUNCHIMAGE_NAME = LaunchImage;
				CODE_SIGN_IDENTITY = "iPhone Developer";
				"CODE_SIGN_IDENTITY[sdk=iphoneos*]" = "iPhone Developer";
				GCC_PRECOMPILE_PREFIX_HEADER = YES;
				GCC_PREFIX_HEADER = "SeniorProjectApp/SeniorProjectApp-Prefix.pch";
				INFOPLIST_FILE = "SeniorProjectApp/SeniorProjectApp-Info.plist";
				PRODUCT_NAME = "$(TARGET_NAME)";
				PROVISIONING_PROFILE = "";
				WRAPPER_EXTENSION = app;
			};
			name = Debug;
		};
		EBBB7BB918DA048D00A69BA8 /* Release */ = {
			isa = XCBuildConfiguration;
			buildSettings = {
				ASSETCATALOG_COMPILER_APPICON_NAME = AppIcon;
				ASSETCATALOG_COMPILER_LAUNCHIMAGE_NAME = LaunchImage;
				CODE_SIGN_IDENTITY = "iPhone Developer";
				"CODE_SIGN_IDENTITY[sdk=iphoneos*]" = "iPhone Developer";
				GCC_PRECOMPILE_PREFIX_HEADER = YES;
				GCC_PREFIX_HEADER = "SeniorProjectApp/SeniorProjectApp-Prefix.pch";
				INFOPLIST_FILE = "SeniorProjectApp/SeniorProjectApp-Info.plist";
				PRODUCT_NAME = "$(TARGET_NAME)";
				PROVISIONING_PROFILE = "";
				WRAPPER_EXTENSION = app;
			};
			name = Release;
		};
		EBBB7BBB18DA048D00A69BA8 /* Debug */ = {
			isa = XCBuildConfiguration;
			buildSettings = {
				BUNDLE_LOADER = "$(BUILT_PRODUCTS_DIR)/SeniorProjectApp.app/SeniorProjectApp";
				FRAMEWORK_SEARCH_PATHS = (
					"$(SDKROOT)/Developer/Library/Frameworks",
					"$(inherited)",
					"$(DEVELOPER_FRAMEWORKS_DIR)",
				);
				GCC_PRECOMPILE_PREFIX_HEADER = YES;
				GCC_PREFIX_HEADER = "SeniorProjectApp/SeniorProjectApp-Prefix.pch";
				GCC_PREPROCESSOR_DEFINITIONS = (
					"DEBUG=1",
					"$(inherited)",
				);
				INFOPLIST_FILE = "SeniorProjectAppTests/SeniorProjectAppTests-Info.plist";
				PRODUCT_NAME = "$(TARGET_NAME)";
				TEST_HOST = "$(BUNDLE_LOADER)";
				WRAPPER_EXTENSION = xctest;
			};
			name = Debug;
		};
		EBBB7BBC18DA048D00A69BA8 /* Release */ = {
			isa = XCBuildConfiguration;
			buildSettings = {
				BUNDLE_LOADER = "$(BUILT_PRODUCTS_DIR)/SeniorProjectApp.app/SeniorProjectApp";
				FRAMEWORK_SEARCH_PATHS = (
					"$(SDKROOT)/Developer/Library/Frameworks",
					"$(inherited)",
					"$(DEVELOPER_FRAMEWORKS_DIR)",
				);
				GCC_PRECOMPILE_PREFIX_HEADER = YES;
				GCC_PREFIX_HEADER = "SeniorProjectApp/SeniorProjectApp-Prefix.pch";
				INFOPLIST_FILE = "SeniorProjectAppTests/SeniorProjectAppTests-Info.plist";
				PRODUCT_NAME = "$(TARGET_NAME)";
				TEST_HOST = "$(BUNDLE_LOADER)";
				WRAPPER_EXTENSION = xctest;
			};
			name = Release;
		};
/* End XCBuildConfiguration section */

/* Begin XCConfigurationList section */
		EBBB7B7D18DA048D00A69BA8 /* Build configuration list for PBXProject "SeniorProjectApp" */ = {
			isa = XCConfigurationList;
			buildConfigurations = (
				EBBB7BB518DA048D00A69BA8 /* Debug */,
				EBBB7BB618DA048D00A69BA8 /* Release */,
			);
			defaultConfigurationIsVisible = 0;
			defaultConfigurationName = Release;
		};
		EBBB7BB718DA048D00A69BA8 /* Build configuration list for PBXNativeTarget "SeniorProjectApp" */ = {
			isa = XCConfigurationList;
			buildConfigurations = (
				EBBB7BB818DA048D00A69BA8 /* Debug */,
				EBBB7BB918DA048D00A69BA8 /* Release */,
			);
			defaultConfigurationIsVisible = 0;
			defaultConfigurationName = Release;
		};
		EBBB7BBA18DA048D00A69BA8 /* Build configuration list for PBXNativeTarget "SeniorProjectAppTests" */ = {
			isa = XCConfigurationList;
			buildConfigurations = (
				EBBB7BBB18DA048D00A69BA8 /* Debug */,
				EBBB7BBC18DA048D00A69BA8 /* Release */,
			);
			defaultConfigurationIsVisible = 0;
			defaultConfigurationName = Release;
		};
/* End XCConfigurationList section */
	};
	rootObject = EBBB7B7A18DA048D00A69BA8 /* Project object */;
}
